{
  "name": "miniprogram-ts-less-quickstart",
  "version": "1.0.0",
  "lockfileVersion": 1,
  "requires": true,
  "dependencies": {
    "@vant/weapp": {
      "version": "1.9.1",
      "resolved": "https://registry.npmmirror.com/@vant/weapp/download/@vant/weapp-1.9.1.tgz",
      "integrity": "sha1-pJAmIDFWhhLdR2bvBOHaZr7uMkE="
    },
    "miniprogram-api-typings": {
      "version": "3.4.4",
      "resolved": "https://registry.npmmirror.com/miniprogram-api-typings/download/miniprogram-api-typings-3.4.4.tgz?cache=0&sync_timestamp=1635559997264&other_urls=https%3A%2F%2Fregistry.npmmirror.com%2Fminiprogram-api-typings%2Fdownload%2Fminiprogram-api-typings-3.4.4.tgz",
      "integrity": "sha1-pozh8Q/yR5tSHNSvJ2ojBBuQ8vY=",
      "dev": true
    }
  }
}
